<?xml version="1.0" encoding="UTF-8"?>
<Scheme
   version = "1.3">
   <BuildAction>
      <BuildActionEntries>
         <BuildActionEntry
            buildForRunning = "YES">
            <BuildableReference
               BuildableIdentifier = "primary"
               BlueprintIdentifier = "6F6F1BD1D44586469A4B053D"
               BuildableName = "VoiceMeter.app"
               BlueprintName = "VoiceMeter"
               ReferencedContainer = "container:VoiceMeter.xcodeproj">
            </BuildableReference>
         </BuildActionEntry>
      </BuildActionEntries>
   </BuildAction>
   <LaunchAction
      useCustomWorkingDirectory = "NO"
      buildConfiguration = "Debug">
      <BuildableProductRunnable>
         <BuildableReference
            BuildableIdentifier = "primary"
            BlueprintIdentifier = "6F6F1BD1D44586469A4B053D"
            BuildableName = "VoiceMeter.app"
            BlueprintName = "VoiceMeter"
            ReferencedContainer = "container:VoiceMeter.xcodeproj">
         </BuildableReference>
      </BuildableProductRunnable>
   </LaunchAction>
</Scheme>
